PODS:
  - MSwizzle (1.0.0)
  - SafeObject (0.1.0):
    - MSwizzle
    - SafeObject/Signature (= 0.1.0)
  - SafeObject/Signature (0.1.0):
    - MSwizzle

DEPENDENCIES:
  - SafeObject (from `../`)

SPEC REPOS:
  "git@github.com:losermo4/Specs.git":
    - MSwizzle

EXTERNAL SOURCES:
  SafeObject:
    :path: "../"

SPEC CHECKSUMS:
  MSwizzle: c9285ea0f723ef9a15b253074a2769d15c9a90c3
  SafeObject: 7c54b14387bbef2a54758a34e43a564899485cf3

PODFILE CHECKSUM: 33fe402a8627f2b0883b1845f6fd40739ce60630

COCOAPODS: 1.10.1
